
Microsoft Visual Studio Solution File, Format Version 12.00
# Visual Studio Version 17
VisualStudioVersion = 17.14.36202.13 d17.14
MinimumVisualStudioVersion = 10.0.40219.1
Project("{FAE04EC0-301F-11D3-BF4B-00C04F79EFBC}") = "LibEnumGenerics", "LibEnumGenerics\LibEnumGenerics.csproj", "{A8F3610C-D80E-4099-BD1A-C0F4B48203DB}"
EndProject
Global
	GlobalSection(SolutionConfigurationPlatforms) = preSolution
		Debug|Any CPU = Debug|Any CPU
		Release|Any CPU = Release|Any CPU
	EndGlobalSection
	GlobalSection(ProjectConfigurationPlatforms) = postSolution
		{A8F3610C-D80E-4099-BD1A-C0F4B48203DB}.Debug|Any CPU.ActiveCfg = Debug|Any CPU
		{A8F3610C-D80E-4099-BD1A-C0F4B48203DB}.Debug|Any CPU.Build.0 = Debug|Any CPU
		{A8F3610C-D80E-4099-BD1A-C0F4B48203DB}.Release|Any CPU.ActiveCfg = Release|Any CPU
		{A8F3610C-D80E-4099-BD1A-C0F4B48203DB}.Release|Any CPU.Build.0 = Release|Any CPU
	EndGlobalSection
	GlobalSection(SolutionProperties) = preSolution
		HideSolutionNode = FALSE
	EndGlobalSection
	GlobalSection(ExtensibilityGlobals) = postSolution
		SolutionGuid = {D2DC1DDF-B3B1-41F1-A643-EA4C21F593BE}
	EndGlobalSection
EndGlobal
